
Microsoft Visual Studio Solution File, Format Version 12.00
# Visual Studio Version 16
VisualStudioVersion = 16.0.31005.135
MinimumVisualStudioVersion = 10.0.40219.1
Project("{9A19103F-16F7-4668-BE54-9A1E7A4F7556}") = "ToDoListWebApi.WebApi", "ToDoListWebApi.WebApi\ToDoListWebApi.WebApi.csproj", "{16CCA43A-27A1-45C8-B455-91118BEFDAAB}"
EndProject
Project("{FAE04EC0-301F-11D3-BF4B-00C04F79EFBC}") = "ToDoListWebApi.Persistance", "ToDoListWebApi.Persistance\ToDoListWebApi.Persistance.csproj", "{834B34F5-791B-4205-87C3-C6A6A06C628B}"
EndProject
Project("{FAE04EC0-301F-11D3-BF4B-00C04F79EFBC}") = "ToDoListWebApi.Domain", "ToDoListWebApi.Domain\ToDoListWebApi.Domain.csproj", "{524DC500-A9EE-4E3C-AA35-FF14FE95F0B7}"
EndProject
Project("{FAE04EC0-301F-11D3-BF4B-00C04F79EFBC}") = "ToDoListWebApi.Repository", "ToDoListWebApi.Repository\ToDoListWebApi.Repository.csproj", "{19045623-6AA0-4E7F-ABB0-E10AA3D319D5}"
EndProject
Project("{FAE04EC0-301F-11D3-BF4B-00C04F79EFBC}") = "ToDoListWebApi.Test", "ToDoListWebApi.Test\ToDoListWebApi.Test.csproj", "{5406D8C3-3CF4-4888-BA2E-61E81886DC3C}"
EndProject
Global
	GlobalSection(SolutionConfigurationPlatforms) = preSolution
		Debug|Any CPU = Debug|Any CPU
		Release|Any CPU = Release|Any CPU
	EndGlobalSection
	GlobalSection(ProjectConfigurationPlatforms) = postSolution
		{16CCA43A-27A1-45C8-B455-91118BEFDAAB}.Debug|Any CPU.ActiveCfg = Debug|Any CPU
		{16CCA43A-27A1-45C8-B455-91118BEFDAAB}.Debug|Any CPU.Build.0 = Debug|Any CPU
		{16CCA43A-27A1-45C8-B455-91118BEFDAAB}.Release|Any CPU.ActiveCfg = Release|Any CPU
		{16CCA43A-27A1-45C8-B455-91118BEFDAAB}.Release|Any CPU.Build.0 = Release|Any CPU
		{834B34F5-791B-4205-87C3-C6A6A06C628B}.Debug|Any CPU.ActiveCfg = Debug|Any CPU
		{834B34F5-791B-4205-87C3-C6A6A06C628B}.Debug|Any CPU.Build.0 = Debug|Any CPU
		{834B34F5-791B-4205-87C3-C6A6A06C628B}.Release|Any CPU.ActiveCfg = Release|Any CPU
		{834B34F5-791B-4205-87C3-C6A6A06C628B}.Release|Any CPU.Build.0 = Release|Any CPU
		{524DC500-A9EE-4E3C-AA35-FF14FE95F0B7}.Debug|Any CPU.ActiveCfg = Debug|Any CPU
		{524DC500-A9EE-4E3C-AA35-FF14FE95F0B7}.Debug|Any CPU.Build.0 = Debug|Any CPU
		{524DC500-A9EE-4E3C-AA35-FF14FE95F0B7}.Release|Any CPU.ActiveCfg = Release|Any CPU
		{524DC500-A9EE-4E3C-AA35-FF14FE95F0B7}.Release|Any CPU.Build.0 = Release|Any CPU
		{19045623-6AA0-4E7F-ABB0-E10AA3D319D5}.Debug|Any CPU.ActiveCfg = Debug|Any CPU
		{19045623-6AA0-4E7F-ABB0-E10AA3D319D5}.Debug|Any CPU.Build.0 = Debug|Any CPU
		{19045623-6AA0-4E7F-ABB0-E10AA3D319D5}.Release|Any CPU.ActiveCfg = Release|Any CPU
		{19045623-6AA0-4E7F-ABB0-E10AA3D319D5}.Release|Any CPU.Build.0 = Release|Any CPU
		{5406D8C3-3CF4-4888-BA2E-61E81886DC3C}.Debug|Any CPU.ActiveCfg = Debug|Any CPU
		{5406D8C3-3CF4-4888-BA2E-61E81886DC3C}.Debug|Any CPU.Build.0 = Debug|Any CPU
		{5406D8C3-3CF4-4888-BA2E-61E81886DC3C}.Release|Any CPU.ActiveCfg = Release|Any CPU
		{5406D8C3-3CF4-4888-BA2E-61E81886DC3C}.Release|Any CPU.Build.0 = Release|Any CPU
	EndGlobalSection
	GlobalSection(SolutionProperties) = preSolution
		HideSolutionNode = FALSE
	EndGlobalSection
	GlobalSection(ExtensibilityGlobals) = postSolution
		SolutionGuid = {C2DB1CA6-47A4-445D-A060-8B10CB0802CF}
	EndGlobalSection
EndGlobal
